
Microsoft Visual Studio Solution File, Format Version 12.00
# Visual Studio Version 16
VisualStudioVersion = 16.0.30413.136
MinimumVisualStudioVersion = 10.0.40219.1
Project("{8BC9CEB8-8B4A-11D0-8D11-00A0C91BC942}") = "WT", "WT\WT.vcxproj", "{64388E78-8323-42E0-B82B-1116AE2913F0}"
EndProject
Global
	GlobalSection(SolutionConfigurationPlatforms) = preSolution
		Debug|x64 = Debug|x64
		Release|x64 = Release|x64
	EndGlobalSection
	GlobalSection(ProjectConfigurationPlatforms) = postSolution
		{64388E78-8323-42E0-B82B-1116AE2913F0}.Debug|x64.ActiveCfg = Debug|x64
		{64388E78-8323-42E0-B82B-1116AE2913F0}.Debug|x64.Build.0 = Debug|x64
		{64388E78-8323-42E0-B82B-1116AE2913F0}.Release|x64.ActiveCfg = Release|x64
		{64388E78-8323-42E0-B82B-1116AE2913F0}.Release|x64.Build.0 = Release|x64
	EndGlobalSection
	GlobalSection(SolutionProperties) = preSolution
		HideSolutionNode = FALSE
	EndGlobalSection
	GlobalSection(ExtensibilityGlobals) = postSolution
		SolutionGuid = {83FF1685-3B5B-4325-88F7-20D3366A38A1}
	EndGlobalSection
EndGlobal
